// !$*UTF8*$!
{
	archiveVersion = 1;
	classes = {
	};
	objectVersion = 46;
	objects = {

/* Begin PBXBuildFile section */
		9BF9222015CD3B6800D59386 /* UIKit.framework in Frameworks */ = {isa = PBXBuildFile; fileRef = 9BF9221F15CD3B6800D59386 /* UIKit.framework */; };
		9BF9222215CD3B6800D59386 /* Foundation.framework in Frameworks */ = {isa = PBXBuildFile; fileRef = 9BF9222115CD3B6800D59386 /* Foundation.framework */; };
		9BF9222415CD3B6800D59386 /* CoreGraphics.framework in Frameworks */ = {isa = PBXBuildFile; fileRef = 9BF9222315CD3B6800D59386 /* CoreGraphics.framework */; };
		9BF9222A15CD3B6800D59386 /* InfoPlist.strings in Resources */ = {isa = PBXBuildFile; fileRef = 9BF9222815CD3B6800D59386 /* InfoPlist.strings */; };
		9BF9222C15CD3B6800D59386 /* main.m in Sources */ = {isa = PBXBuildFile; fileRef = 9BF9222B15CD3B6800D59386 /* main.m */; };
		9BF9223015CD3B6800D59386 /* DrawingServerAppDelegate.m in Sources */ = {isa = PBXBuildFile; fileRef = 9BF9222F15CD3B6800D59386 /* DrawingServerAppDelegate.m */; };
		9BF9223315CD3B6800D59386 /* MainStoryboard.storyboard in Resources */ = {isa = PBXBuildFile; fileRef = 9BF9223115CD3B6800D59386 /* MainStoryboard.storyboard */; };
		9BF9223615CD3B6800D59386 /* DrawingServerViewController.m in Sources */ = {isa = PBXBuildFile; fileRef = 9BF9223515CD3B6800D59386 /* DrawingServerViewController.m */; };
		9BF9223F15CD402600D59386 /* background.jpg in Resources */ = {isa = PBXBuildFile; fileRef = 9BF9223E15CD402600D59386 /* background.jpg */; };
		9BF9224215CD424100D59386 /* NetworkViewController.m in Sources */ = {isa = PBXBuildFile; fileRef = 9BF9224115CD424100D59386 /* NetworkViewController.m */; };
		9BF9224515CD442500D59386 /* GestureView.m in Sources */ = {isa = PBXBuildFile; fileRef = 9BF9224415CD442500D59386 /* GestureView.m */; };
		9BF9224615CD46CC00D59386 /* GCDAsyncSocket.m in Sources */ = {isa = PBXBuildFile; fileRef = 9BF9223D15CD3D0800D59386 /* GCDAsyncSocket.m */; };
		9BF9225015CD473500D59386 /* CFNetwork.framework in Frameworks */ = {isa = PBXBuildFile; fileRef = 9BF9224F15CD473500D59386 /* CFNetwork.framework */; };
		9BF9225215CD473A00D59386 /* Security.framework in Frameworks */ = {isa = PBXBuildFile; fileRef = 9BF9225115CD473A00D59386 /* Security.framework */; };
/* End PBXBuildFile section */

/* Begin PBXFileReference section */
		9BF9221B15CD3B6800D59386 /* DrawingServer.app */ = {isa = PBXFileReference; explicitFileType = wrapper.application; includeInIndex = 0; path = DrawingServer.app; sourceTree = BUILT_PRODUCTS_DIR; };
		9BF9221F15CD3B6800D59386 /* UIKit.framework */ = {isa = PBXFileReference; lastKnownFileType = wrapper.framework; name = UIKit.framework; path = System/Library/Frameworks/UIKit.framework; sourceTree = SDKROOT; };
		9BF9222115CD3B6800D59386 /* Foundation.framework */ = {isa = PBXFileReference; lastKnownFileType = wrapper.framework; name = Foundation.framework; path = System/Library/Frameworks/Foundation.framework; sourceTree = SDKROOT; };
		9BF9222315CD3B6800D59386 /* CoreGraphics.framework */ = {isa = PBXFileReference; lastKnownFileType = wrapper.framework; name = CoreGraphics.framework; path = System/Library/Frameworks/CoreGraphics.framework; sourceTree = SDKROOT; };
		9BF9222715CD3B6800D59386 /* DrawingServer-Info.plist */ = {isa = PBXFileReference; lastKnownFileType = text.plist.xml; path = "DrawingServer-Info.plist"; sourceTree = "<group>"; };
		9BF9222915CD3B6800D59386 /* en */ = {isa = PBXFileReference; lastKnownFileType = text.plist.strings; name = en; path = en.lproj/InfoPlist.strings; sourceTree = "<group>"; };
		9BF9222B15CD3B6800D59386 /* main.m */ = {isa = PBXFileReference; lastKnownFileType = sourcecode.c.objc; path = main.m; sourceTree = "<group>"; };
		9BF9222D15CD3B6800D59386 /* DrawingServer-Prefix.pch */ = {isa = PBXFileReference; lastKnownFileType = sourcecode.c.h; path = "DrawingServer-Prefix.pch"; sourceTree = "<group>"; };
		9BF9222E15CD3B6800D59386 /* DrawingServerAppDelegate.h */ = {isa = PBXFileReference; lastKnownFileType = sourcecode.c.h; path = DrawingServerAppDelegate.h; sourceTree = "<group>"; };
		9BF9222F15CD3B6800D59386 /* DrawingServerAppDelegate.m */ = {isa = PBXFileReference; lastKnownFileType = sourcecode.c.objc; path = DrawingServerAppDelegate.m; sourceTree = "<group>"; };
		9BF9223215CD3B6800D59386 /* en */ = {isa = PBXFileReference; lastKnownFileType = file.storyboard; name = en; path = en.lproj/MainStoryboard.storyboard; sourceTree = "<group>"; };
		9BF9223415CD3B6800D59386 /* DrawingServerViewController.h */ = {isa = PBXFileReference; lastKnownFileType = sourcecode.c.h; path = DrawingServerViewController.h; sourceTree = "<group>"; };
		9BF9223515CD3B6800D59386 /* DrawingServerViewController.m */ = {isa = PBXFileReference; lastKnownFileType = sourcecode.c.objc; path = DrawingServerViewController.m; sourceTree = "<group>"; };
		9BF9223C15CD3D0800D59386 /* GCDAsyncSocket.h */ = {isa = PBXFileReference; lastKnownFileType = sourcecode.c.h; path = GCDAsyncSocket.h; sourceTree = "<group>"; };
		9BF9223D15CD3D0800D59386 /* GCDAsyncSocket.m */ = {isa = PBXFileReference; lastKnownFileType = sourcecode.c.objc; path = GCDAsyncSocket.m; sourceTree = "<group>"; };
		9BF9223E15CD402600D59386 /* background.jpg */ = {isa = PBXFileReference; lastKnownFileType = image.jpeg; path = background.jpg; sourceTree = "<group>"; };
		9BF9224015CD424100D59386 /* NetworkViewController.h */ = {isa = PBXFileReference; fileEncoding = 4; lastKnownFileType = sourcecode.c.h; path = NetworkViewController.h; sourceTree = "<group>"; };
		9BF9224115CD424100D59386 /* NetworkViewController.m */ = {isa = PBXFileReference; fileEncoding = 4; lastKnownFileType = sourcecode.c.objc; path = NetworkViewController.m; sourceTree = "<group>"; };
		9BF9224315CD442500D59386 /* GestureView.h */ = {isa = PBXFileReference; fileEncoding = 4; lastKnownFileType = sourcecode.c.h; path = GestureView.h; sourceTree = "<group>"; };
		9BF9224415CD442500D59386 /* GestureView.m */ = {isa = PBXFileReference; fileEncoding = 4; lastKnownFileType = sourcecode.c.objc; path = GestureView.m; sourceTree = "<group>"; };
		9BF9224F15CD473500D59386 /* CFNetwork.framework */ = {isa = PBXFileReference; lastKnownFileType = wrapper.framework; name = CFNetwork.framework; path = System/Library/Frameworks/CFNetwork.framework; sourceTree = SDKROOT; };
		9BF9225115CD473A00D59386 /* Security.framework */ = {isa = PBXFileReference; lastKnownFileType = wrapper.framework; name = Security.framework; path = System/Library/Frameworks/Security.framework; sourceTree = SDKROOT; };
/* End PBXFileReference section */

/* Begin PBXFrameworksBuildPhase section */
		9BF9221815CD3B6800D59386 /* Frameworks */ = {
			isa = PBXFrameworksBuildPhase;
			buildActionMask = 2147483647;
			files = (
				9BF9225215CD473A00D59386 /* Security.framework in Frameworks */,
				9BF9225015CD473500D59386 /* CFNetwork.framework in Frameworks */,
				9BF9222015CD3B6800D59386 /* UIKit.framework in Frameworks */,
				9BF9222215CD3B6800D59386 /* Foundation.framework in Frameworks */,
				9BF9222415CD3B6800D59386 /* CoreGraphics.framework in Frameworks */,
			);
			runOnlyForDeploymentPostprocessing = 0;
		};
/* End PBXFrameworksBuildPhase section */

/* Begin PBXGroup section */
		9BF9221015CD3B6800D59386 = {
			isa = PBXGroup;
			children = (
				9BF9225115CD473A00D59386 /* Security.framework */,
				9BF9224F15CD473500D59386 /* CFNetwork.framework */,
				9BF9222515CD3B6800D59386 /* DrawingServer */,
				9BF9221E15CD3B6800D59386 /* Frameworks */,
				9BF9221C15CD3B6800D59386 /* Products */,
			);
			sourceTree = "<group>";
		};
		9BF9221C15CD3B6800D59386 /* Products */ = {
			isa = PBXGroup;
			children = (
				9BF9221B15CD3B6800D59386 /* DrawingServer.app */,
			);
			name = Products;
			sourceTree = "<group>";
		};
		9BF9221E15CD3B6800D59386 /* Frameworks */ = {
			isa = PBXGroup;
			children = (
				9BF9221F15CD3B6800D59386 /* UIKit.framework */,
				9BF9222115CD3B6800D59386 /* Foundation.framework */,
				9BF9222315CD3B6800D59386 /* CoreGraphics.framework */,
			);
			name = Frameworks;
			sourceTree = "<group>";
		};
		9BF9222515CD3B6800D59386 /* DrawingServer */ = {
			isa = PBXGroup;
			children = (
				9BF9223E15CD402600D59386 /* background.jpg */,
				9BF9223C15CD3D0800D59386 /* GCDAsyncSocket.h */,
				9BF9223D15CD3D0800D59386 /* GCDAsyncSocket.m */,
				9BF9222E15CD3B6800D59386 /* DrawingServerAppDelegate.h */,
				9BF9222F15CD3B6800D59386 /* DrawingServerAppDelegate.m */,
				9BF9223115CD3B6800D59386 /* MainStoryboard.storyboard */,
				9BF9224315CD442500D59386 /* GestureView.h */,
				9BF9224415CD442500D59386 /* GestureView.m */,
				9BF9223415CD3B6800D59386 /* DrawingServerViewController.h */,
				9BF9223515CD3B6800D59386 /* DrawingServerViewController.m */,
				9BF9224015CD424100D59386 /* NetworkViewController.h */,
				9BF9224115CD424100D59386 /* NetworkViewController.m */,
				9BF9222615CD3B6800D59386 /* Supporting Files */,
			);
			path = DrawingServer;
			sourceTree = "<group>";
		};
		9BF9222615CD3B6800D59386 /* Supporting Files */ = {
			isa = PBXGroup;
			children = (
				9BF9222715CD3B6800D59386 /* DrawingServer-Info.plist */,
				9BF9222815CD3B6800D59386 /* InfoPlist.strings */,
				9BF9222B15CD3B6800D59386 /* main.m */,
				9BF9222D15CD3B6800D59386 /* DrawingServer-Prefix.pch */,
			);
			name = "Supporting Files";
			sourceTree = "<group>";
		};
/* End PBXGroup section */

/* Begin PBXNativeTarget section */
		9BF9221A15CD3B6800D59386 /* DrawingServer */ = {
			isa = PBXNativeTarget;
			buildConfigurationList = 9BF9223915CD3B6800D59386 /* Build configuration list for PBXNativeTarget "DrawingServer" */;
			buildPhases = (
				9BF9221715CD3B6800D59386 /* Sources */,
				9BF9221815CD3B6800D59386 /* Frameworks */,
				9BF9221915CD3B6800D59386 /* Resources */,
			);
			buildRules = (
			);
			dependencies = (
			);
			name = DrawingServer;
			productName = DrawingServer;
			productReference = 9BF9221B15CD3B6800D59386 /* DrawingServer.app */;
			productType = "com.apple.product-type.application";
		};
/* End PBXNativeTarget section */

/* Begin PBXProject section */
		9BF9221215CD3B6800D59386 /* Project object */ = {
			isa = PBXProject;
			attributes = {
				CLASSPREFIX = DrawingServer;
				LastUpgradeCheck = 0440;
				ORGANIZATIONNAME = BuG.BS;
			};
			buildConfigurationList = 9BF9221515CD3B6800D59386 /* Build configuration list for PBXProject "DrawingServer" */;
			compatibilityVersion = "Xcode 3.2";
			developmentRegion = English;
			hasScannedForEncodings = 0;
			knownRegions = (
				en,
			);
			mainGroup = 9BF9221015CD3B6800D59386;
			productRefGroup = 9BF9221C15CD3B6800D59386 /* Products */;
			projectDirPath = "";
			projectRoot = "";
			targets = (
				9BF9221A15CD3B6800D59386 /* DrawingServer */,
			);
		};
/* End PBXProject section */

/* Begin PBXResourcesBuildPhase section */
		9BF9221915CD3B6800D59386 /* Resources */ = {
			isa = PBXResourcesBuildPhase;
			buildActionMask = 2147483647;
			files = (
				9BF9222A15CD3B6800D59386 /* InfoPlist.strings in Resources */,
				9BF9223315CD3B6800D59386 /* MainStoryboard.storyboard in Resources */,
				9BF9223F15CD402600D59386 /* background.jpg in Resources */,
			);
			runOnlyForDeploymentPostprocessing = 0;
		};
/* End PBXResourcesBuildPhase section */

/* Begin PBXSourcesBuildPhase section */
		9BF9221715CD3B6800D59386 /* Sources */ = {
			isa = PBXSourcesBuildPhase;
			buildActionMask = 2147483647;
			files = (
				9BF9224615CD46CC00D59386 /* GCDAsyncSocket.m in Sources */,
				9BF9222C15CD3B6800D59386 /* main.m in Sources */,
				9BF9223015CD3B6800D59386 /* DrawingServerAppDelegate.m in Sources */,
				9BF9223615CD3B6800D59386 /* DrawingServerViewController.m in Sources */,
				9BF9224215CD424100D59386 /* NetworkViewController.m in Sources */,
				9BF9224515CD442500D59386 /* GestureView.m in Sources */,
			);
			runOnlyForDeploymentPostprocessing = 0;
		};
/* End PBXSourcesBuildPhase section */

/* Begin PBXVariantGroup section */
		9BF9222815CD3B6800D59386 /* InfoPlist.strings */ = {
			isa = PBXVariantGroup;
			children = (
				9BF9222915CD3B6800D59386 /* en */,
			);
			name = InfoPlist.strings;
			sourceTree = "<group>";
		};
		9BF9223115CD3B6800D59386 /* MainStoryboard.storyboard */ = {
			isa = PBXVariantGroup;
			children = (
				9BF9223215CD3B6800D59386 /* en */,
			);
			name = MainStoryboard.storyboard;
			sourceTree = "<group>";
		};
/* End PBXVariantGroup section */

/* Begin XCBuildConfiguration section */
		9BF9223715CD3B6800D59386 /* Debug */ = {
			isa = XCBuildConfiguration;
			buildSettings = {
				ALWAYS_SEARCH_USER_PATHS = NO;
				ARCHS = "$(ARCHS_STANDARD_32_BIT)";
				CLANG_CXX_LANGUAGE_STANDARD = "gnu++0x";
				CLANG_ENABLE_OBJC_ARC = YES;
				CLANG_WARN__DUPLICATE_METHOD_MATCH = YES;
				"CODE_SIGN_IDENTITY[sdk=iphoneos*]" = "iPhone Developer";
				COPY_PHASE_STRIP = NO;
				GCC_C_LANGUAGE_STANDARD = gnu99;
				GCC_DYNAMIC_NO_PIC = NO;
				GCC_OPTIMIZATION_LEVEL = 0;
				GCC_PREPROCESSOR_DEFINITIONS = (
					"DEBUG=1",
					"$(inherited)",
				);
				GCC_SYMBOLS_PRIVATE_EXTERN = NO;
				GCC_VERSION = com.apple.compilers.llvm.clang.1_0;
				GCC_WARN_ABOUT_RETURN_TYPE = YES;
				GCC_WARN_UNINITIALIZED_AUTOS = YES;
				GCC_WARN_UNUSED_VARIABLE = YES;
				IPHONEOS_DEPLOYMENT_TARGET = 5.1;
				SDKROOT = iphoneos;
				TARGETED_DEVICE_FAMILY = 2;
			};
			name = Debug;
		};
		9BF9223815CD3B6800D59386 /* Release */ = {
			isa = XCBuildConfiguration;
			buildSettings = {
				ALWAYS_SEARCH_USER_PATHS = NO;
				ARCHS = "$(ARCHS_STANDARD_32_BIT)";
				CLANG_CXX_LANGUAGE_STANDARD = "gnu++0x";
				CLANG_ENABLE_OBJC_ARC = YES;
				CLANG_WARN__DUPLICATE_METHOD_MATCH = YES;
				"CODE_SIGN_IDENTITY[sdk=iphoneos*]" = "iPhone Developer";
				COPY_PHASE_STRIP = YES;
				GCC_C_LANGUAGE_STANDARD = gnu99;
				GCC_VERSION = com.apple.compilers.llvm.clang.1_0;
				GCC_WARN_ABOUT_RETURN_TYPE = YES;
				GCC_WARN_UNINITIALIZED_AUTOS = YES;
				GCC_WARN_UNUSED_VARIABLE = YES;
				IPHONEOS_DEPLOYMENT_TARGET = 5.1;
				OTHER_CFLAGS = "-DNS_BLOCK_ASSERTIONS=1";
				SDKROOT = iphoneos;
				TARGETED_DEVICE_FAMILY = 2;
				VALIDATE_PRODUCT = YES;
			};
			name = Release;
		};
		9BF9223A15CD3B6800D59386 /* Debug */ = {
			isa = XCBuildConfiguration;
			buildSettings = {
				GCC_PRECOMPILE_PREFIX_HEADER = YES;
				GCC_PREFIX_HEADER = "DrawingServer/DrawingServer-Prefix.pch";
				INFOPLIST_FILE = "DrawingServer/DrawingServer-Info.plist";
				PRODUCT_NAME = "$(TARGET_NAME)";
				WRAPPER_EXTENSION = app;
			};
			name = Debug;
		};
		9BF9223B15CD3B6800D59386 /* Release */ = {
			isa = XCBuildConfiguration;
			buildSettings = {
				GCC_PRECOMPILE_PREFIX_HEADER = YES;
				GCC_PREFIX_HEADER = "DrawingServer/DrawingServer-Prefix.pch";
				INFOPLIST_FILE = "DrawingServer/DrawingServer-Info.plist";
				PRODUCT_NAME = "$(TARGET_NAME)";
				WRAPPER_EXTENSION = app;
			};
			name = Release;
		};
/* End XCBuildConfiguration section */

/* Begin XCConfigurationList section */
		9BF9221515CD3B6800D59386 /* Build configuration list for PBXProject "DrawingServer" */ = {
			isa = XCConfigurationList;
			buildConfigurations = (
				9BF9223715CD3B6800D59386 /* Debug */,
				9BF9223815CD3B6800D59386 /* Release */,
			);
			defaultConfigurationIsVisible = 0;
			defaultConfigurationName = Release;
		};
		9BF9223915CD3B6800D59386 /* Build configuration list for PBXNativeTarget "DrawingServer" */ = {
			isa = XCConfigurationList;
			buildConfigurations = (
				9BF9223A15CD3B6800D59386 /* Debug */,
				9BF9223B15CD3B6800D59386 /* Release */,
			);
			defaultConfigurationIsVisible = 0;
		};
/* End XCConfigurationList section */
	};
	rootObject = 9BF9221215CD3B6800D59386 /* Project object */;
}
